
Microsoft Visual Studio Solution File, Format Version 12.00
# Visual Studio Version 17
VisualStudioVersion = 17.1.32328.378
MinimumVisualStudioVersion = 10.0.40219.1
Project("{9A19103F-16F7-4668-BE54-9A1E7A4F7556}") = "IO.Swagger", "src\IO.Swagger\IO.Swagger.csproj", "{297E38F4-BFDE-4A03-B08B-7C6CA2534F5A}"
EndProject
Global
	GlobalSection(SolutionConfigurationPlatforms) = preSolution
		Debug|Any CPU = Debug|Any CPU
		Release|Any CPU = Release|Any CPU
	EndGlobalSection
	GlobalSection(ProjectConfigurationPlatforms) = postSolution
		{297E38F4-BFDE-4A03-B08B-7C6CA2534F5A}.Debug|Any CPU.ActiveCfg = Debug|Any CPU
		{297E38F4-BFDE-4A03-B08B-7C6CA2534F5A}.Debug|Any CPU.Build.0 = Debug|Any CPU
		{297E38F4-BFDE-4A03-B08B-7C6CA2534F5A}.Release|Any CPU.ActiveCfg = Release|Any CPU
		{297E38F4-BFDE-4A03-B08B-7C6CA2534F5A}.Release|Any CPU.Build.0 = Release|Any CPU
	EndGlobalSection
	GlobalSection(SolutionProperties) = preSolution
		HideSolutionNode = FALSE
	EndGlobalSection
	GlobalSection(ExtensibilityGlobals) = postSolution
		SolutionGuid = {BB0354D0-E5CF-4C19-AA0F-E47F9FDCB170}
	EndGlobalSection
EndGlobal
